
Microsoft Visual Studio Solution File, Format Version 12.00
# Visual Studio 15
VisualStudioVersion = 15.0.28307.1000
MinimumVisualStudioVersion = 10.0.40219.1
Project("{8BC9CEB8-8B4A-11D0-8D11-00A0C91BC942}") = "clBcrypt", "clBcrypt.vcxproj", "{5C1564CD-2977-42AF-8BD3-D046297FD433}"
EndProject
Global
	GlobalSection(SolutionConfigurationPlatforms) = preSolution
		Debug|x64 = Debug|x64
		Release|x64 = Release|x64
	EndGlobalSection
	GlobalSection(ProjectConfigurationPlatforms) = postSolution
		{5C1564CD-2977-42AF-8BD3-D046297FD433}.Debug|x64.ActiveCfg = Debug|x64
		{5C1564CD-2977-42AF-8BD3-D046297FD433}.Debug|x64.Build.0 = Debug|x64
		{5C1564CD-2977-42AF-8BD3-D046297FD433}.Release|x64.ActiveCfg = Release|x64
		{5C1564CD-2977-42AF-8BD3-D046297FD433}.Release|x64.Build.0 = Release|x64
	EndGlobalSection
	GlobalSection(SolutionProperties) = preSolution
		HideSolutionNode = FALSE
	EndGlobalSection
	GlobalSection(ExtensibilityGlobals) = postSolution
		SolutionGuid = {4127ED1F-A301-4A4A-8875-8B6C7645D1D9}
	EndGlobalSection
EndGlobal
